
Microsoft Visual Studio Solution File, Format Version 12.00
# Visual Studio Version 16
VisualStudioVersion = 16.0.32106.194
MinimumVisualStudioVersion = 10.0.40219.1
Project("{FAE04EC0-301F-11D3-BF4B-00C04F79EFBC}") = "SweetWorld.Android", "SweetWorld\SweetWorld.Android\SweetWorld.Android.csproj", "{7A11BEF9-7BEB-4456-B618-5D2E169DAD1D}"
EndProject
Project("{FAE04EC0-301F-11D3-BF4B-00C04F79EFBC}") = "SweetWorld", "SweetWorld\SweetWorld\SweetWorld.csproj", "{793027D5-9DF1-466E-B36D-9BE9E81BFA21}"
EndProject
Global
	GlobalSection(SolutionConfigurationPlatforms) = preSolution
		Debug|Any CPU = Debug|Any CPU
		Release|Any CPU = Release|Any CPU
	EndGlobalSection
	GlobalSection(ProjectConfigurationPlatforms) = postSolution
		{7A11BEF9-7BEB-4456-B618-5D2E169DAD1D}.Debug|Any CPU.ActiveCfg = Debug|Any CPU
		{7A11BEF9-7BEB-4456-B618-5D2E169DAD1D}.Debug|Any CPU.Build.0 = Debug|Any CPU
		{7A11BEF9-7BEB-4456-B618-5D2E169DAD1D}.Debug|Any CPU.Deploy.0 = Debug|Any CPU
		{7A11BEF9-7BEB-4456-B618-5D2E169DAD1D}.Release|Any CPU.ActiveCfg = Release|Any CPU
		{7A11BEF9-7BEB-4456-B618-5D2E169DAD1D}.Release|Any CPU.Build.0 = Release|Any CPU
		{7A11BEF9-7BEB-4456-B618-5D2E169DAD1D}.Release|Any CPU.Deploy.0 = Release|Any CPU
		{793027D5-9DF1-466E-B36D-9BE9E81BFA21}.Debug|Any CPU.ActiveCfg = Debug|Any CPU
		{793027D5-9DF1-466E-B36D-9BE9E81BFA21}.Debug|Any CPU.Build.0 = Debug|Any CPU
		{793027D5-9DF1-466E-B36D-9BE9E81BFA21}.Debug|Any CPU.Deploy.0 = Debug|Any CPU
		{793027D5-9DF1-466E-B36D-9BE9E81BFA21}.Release|Any CPU.ActiveCfg = Release|Any CPU
		{793027D5-9DF1-466E-B36D-9BE9E81BFA21}.Release|Any CPU.Build.0 = Release|Any CPU
		{793027D5-9DF1-466E-B36D-9BE9E81BFA21}.Release|Any CPU.Deploy.0 = Release|Any CPU
	EndGlobalSection
	GlobalSection(SolutionProperties) = preSolution
		HideSolutionNode = FALSE
	EndGlobalSection
	GlobalSection(ExtensibilityGlobals) = postSolution
		SolutionGuid = {A6764F96-AB2C-4206-9266-EA57B534D837}
	EndGlobalSection
EndGlobal
